
Microsoft Visual Studio Solution File, Format Version 12.00
# Visual Studio Version 17
VisualStudioVersion = 17.13.35825.156 d17.13
MinimumVisualStudioVersion = 10.0.40219.1
Project("{FAE04EC0-301F-11D3-BF4B-00C04F79EFBC}") = "MediaService", "MediaService.csproj", "{11038D08-716C-4E53-A6E3-E44EAFC03240}"
EndProject
Global
	GlobalSection(SolutionConfigurationPlatforms) = preSolution
		Debug|Any CPU = Debug|Any CPU
		Release|Any CPU = Release|Any CPU
	EndGlobalSection
	GlobalSection(ProjectConfigurationPlatforms) = postSolution
		{11038D08-716C-4E53-A6E3-E44EAFC03240}.Debug|Any CPU.ActiveCfg = Debug|Any CPU
		{11038D08-716C-4E53-A6E3-E44EAFC03240}.Debug|Any CPU.Build.0 = Debug|Any CPU
		{11038D08-716C-4E53-A6E3-E44EAFC03240}.Release|Any CPU.ActiveCfg = Release|Any CPU
		{11038D08-716C-4E53-A6E3-E44EAFC03240}.Release|Any CPU.Build.0 = Release|Any CPU
	EndGlobalSection
	GlobalSection(SolutionProperties) = preSolution
		HideSolutionNode = FALSE
	EndGlobalSection
	GlobalSection(ExtensibilityGlobals) = postSolution
		SolutionGuid = {27B6F1F2-6045-4CFB-85AC-4513E6F447A5}
	EndGlobalSection
EndGlobal
